Microsoft Visual Studio Solution File, Format Version 12.00
# Visual Studio Version 17
VisualStudioVersion = 17.5.2.0
MinimumVisualStudioVersion = 10.0.40219.1
Project("{FAE04EC0-301F-11D3-BF4B-00C04F79EFBC}") = "ShevaEngine.Physics-DesktopGL", "ShevaEngine.Physics-DesktopGL.csproj", "{1E552A2F-F02C-3BDD-FF77-BB25974DF20E}"
EndProject
Project("{FAE04EC0-301F-11D3-BF4B-00C04F79EFBC}") = "ShevaEngine.Physics-Windows", "ShevaEngine.Physics-Windows.csproj", "{F5E389FF-9E2A-74D4-3CEA-60D74D4F22C3}"
EndProject
Global
	GlobalSection(SolutionConfigurationPlatforms) = preSolution
		Debug|Any CPU = Debug|Any CPU
		Release|Any CPU = Release|Any CPU
	EndGlobalSection
	GlobalSection(ProjectConfigurationPlatforms) = postSolution
		{1E552A2F-F02C-3BDD-FF77-BB25974DF20E}.Debug|Any CPU.ActiveCfg = Debug|Any CPU
		{1E552A2F-F02C-3BDD-FF77-BB25974DF20E}.Debug|Any CPU.Build.0 = Debug|Any CPU
		{1E552A2F-F02C-3BDD-FF77-BB25974DF20E}.Release|Any CPU.ActiveCfg = Release|Any CPU
		{1E552A2F-F02C-3BDD-FF77-BB25974DF20E}.Release|Any CPU.Build.0 = Release|Any CPU
		{F5E389FF-9E2A-74D4-3CEA-60D74D4F22C3}.Debug|Any CPU.ActiveCfg = Debug|Any CPU
		{F5E389FF-9E2A-74D4-3CEA-60D74D4F22C3}.Debug|Any CPU.Build.0 = Debug|Any CPU
		{F5E389FF-9E2A-74D4-3CEA-60D74D4F22C3}.Release|Any CPU.ActiveCfg = Release|Any CPU
		{F5E389FF-9E2A-74D4-3CEA-60D74D4F22C3}.Release|Any CPU.Build.0 = Release|Any CPU
	EndGlobalSection
	GlobalSection(SolutionProperties) = preSolution
		HideSolutionNode = FALSE
	EndGlobalSection
	GlobalSection(ExtensibilityGlobals) = postSolution
		SolutionGuid = {5767FE1B-5B62-43C2-9AEE-0B25E8FDC60B}
	EndGlobalSection
EndGlobal
